
Microsoft Visual Studio Solution File, Format Version 12.00
# Visual Studio Version 17
VisualStudioVersion = 17.10.35013.160
MinimumVisualStudioVersion = 10.0.40219.1
Project("{FAE04EC0-301F-11D3-BF4B-00C04F79EFBC}") = "Assignment2", "Assignment2\Assignment2.csproj", "{922B5AAB-A087-4A97-933E-724C7F1324D1}"
EndProject
Global
	GlobalSection(SolutionConfigurationPlatforms) = preSolution
		Debug|Any CPU = Debug|Any CPU
		Release|Any CPU = Release|Any CPU
	EndGlobalSection
	GlobalSection(ProjectConfigurationPlatforms) = postSolution
		{922B5AAB-A087-4A97-933E-724C7F1324D1}.Debug|Any CPU.ActiveCfg = Debug|Any CPU
		{922B5AAB-A087-4A97-933E-724C7F1324D1}.Debug|Any CPU.Build.0 = Debug|Any CPU
		{922B5AAB-A087-4A97-933E-724C7F1324D1}.Release|Any CPU.ActiveCfg = Release|Any CPU
		{922B5AAB-A087-4A97-933E-724C7F1324D1}.Release|Any CPU.Build.0 = Release|Any CPU
	EndGlobalSection
	GlobalSection(SolutionProperties) = preSolution
		HideSolutionNode = FALSE
	EndGlobalSection
	GlobalSection(ExtensibilityGlobals) = postSolution
		SolutionGuid = {F8F4A7F7-BC54-49F2-8CD7-17A86D05C379}
	EndGlobalSection
EndGlobal
