
Microsoft Visual Studio Solution File, Format Version 12.00
# Visual Studio Version 17
VisualStudioVersion = 17.10.35013.160
MinimumVisualStudioVersion = 10.0.40219.1
Project("{FAE04EC0-301F-11D3-BF4B-00C04F79EFBC}") = "AssignmentMVC", "AssignmentMVC.csproj", "{ACC86033-3745-4FE4-9888-1F226746229D}"
EndProject
Global
	GlobalSection(SolutionConfigurationPlatforms) = preSolution
		Debug|Any CPU = Debug|Any CPU
		Release|Any CPU = Release|Any CPU
	EndGlobalSection
	GlobalSection(ProjectConfigurationPlatforms) = postSolution
		{ACC86033-3745-4FE4-9888-1F226746229D}.Debug|Any CPU.ActiveCfg = Debug|Any CPU
		{ACC86033-3745-4FE4-9888-1F226746229D}.Debug|Any CPU.Build.0 = Debug|Any CPU
		{ACC86033-3745-4FE4-9888-1F226746229D}.Release|Any CPU.ActiveCfg = Release|Any CPU
		{ACC86033-3745-4FE4-9888-1F226746229D}.Release|Any CPU.Build.0 = Release|Any CPU
	EndGlobalSection
	GlobalSection(SolutionProperties) = preSolution
		HideSolutionNode = FALSE
	EndGlobalSection
	GlobalSection(ExtensibilityGlobals) = postSolution
		SolutionGuid = {FD16A23E-5858-42F3-BD1A-824F5339E850}
	EndGlobalSection
EndGlobal
